
Microsoft Visual Studio Solution File, Format Version 12.00
# Visual Studio Version 17
VisualStudioVersion = 17.5.33424.131
MinimumVisualStudioVersion = 10.0.40219.1
Project("{8BC9CEB8-8B4A-11D0-8D11-00A0C91BC942}") = "paradigma_oop", "paradigma_oop\paradigma_oop.vcxproj", "{911846BB-B68C-4507-B87D-2F60F550A6CF}"
EndProject
Project("{8BC9CEB8-8B4A-11D0-8D11-00A0C91BC942}") = "Asosiasi", "Asosiasi\Asosiasi.vcxproj", "{0EBC188A-4BF3-49DD-BBDE-1225971324A3}"
EndProject
Project("{8BC9CEB8-8B4A-11D0-8D11-00A0C91BC942}") = "mainIA", "mainIA\mainIA.vcxproj", "{36B3F0B0-C33E-4215-BE8D-F53F43F06DE9}"
EndProject
Global
	GlobalSection(SolutionConfigurationPlatforms) = preSolution
		Debug|x64 = Debug|x64
		Debug|x86 = Debug|x86
		Release|x64 = Release|x64
		Release|x86 = Release|x86
	EndGlobalSection
	GlobalSection(ProjectConfigurationPlatforms) = postSolution
		{911846BB-B68C-4507-B87D-2F60F550A6CF}.Debug|x64.ActiveCfg = Debug|x64
		{911846BB-B68C-4507-B87D-2F60F550A6CF}.Debug|x64.Build.0 = Debug|x64
		{911846BB-B68C-4507-B87D-2F60F550A6CF}.Debug|x86.ActiveCfg = Debug|Win32
		{911846BB-B68C-4507-B87D-2F60F550A6CF}.Debug|x86.Build.0 = Debug|Win32
		{911846BB-B68C-4507-B87D-2F60F550A6CF}.Release|x64.ActiveCfg = Release|x64
		{911846BB-B68C-4507-B87D-2F60F550A6CF}.Release|x64.Build.0 = Release|x64
		{911846BB-B68C-4507-B87D-2F60F550A6CF}.Release|x86.ActiveCfg = Release|Win32
		{911846BB-B68C-4507-B87D-2F60F550A6CF}.Release|x86.Build.0 = Release|Win32
		{0EBC188A-4BF3-49DD-BBDE-1225971324A3}.Debug|x64.ActiveCfg = Debug|x64
		{0EBC188A-4BF3-49DD-BBDE-1225971324A3}.Debug|x64.Build.0 = Debug|x64
		{0EBC188A-4BF3-49DD-BBDE-1225971324A3}.Debug|x86.ActiveCfg = Debug|Win32
		{0EBC188A-4BF3-49DD-BBDE-1225971324A3}.Debug|x86.Build.0 = Debug|Win32
		{0EBC188A-4BF3-49DD-BBDE-1225971324A3}.Release|x64.ActiveCfg = Release|x64
		{0EBC188A-4BF3-49DD-BBDE-1225971324A3}.Release|x64.Build.0 = Release|x64
		{0EBC188A-4BF3-49DD-BBDE-1225971324A3}.Release|x86.ActiveCfg = Release|Win32
		{0EBC188A-4BF3-49DD-BBDE-1225971324A3}.Release|x86.Build.0 = Release|Win32
		{36B3F0B0-C33E-4215-BE8D-F53F43F06DE9}.Debug|x64.ActiveCfg = Debug|x64
		{36B3F0B0-C33E-4215-BE8D-F53F43F06DE9}.Debug|x64.Build.0 = Debug|x64
		{36B3F0B0-C33E-4215-BE8D-F53F43F06DE9}.Debug|x86.ActiveCfg = Debug|Win32
		{36B3F0B0-C33E-4215-BE8D-F53F43F06DE9}.Debug|x86.Build.0 = Debug|Win32
		{36B3F0B0-C33E-4215-BE8D-F53F43F06DE9}.Release|x64.ActiveCfg = Release|x64
		{36B3F0B0-C33E-4215-BE8D-F53F43F06DE9}.Release|x64.Build.0 = Release|x64
		{36B3F0B0-C33E-4215-BE8D-F53F43F06DE9}.Release|x86.ActiveCfg = Release|Win32
		{36B3F0B0-C33E-4215-BE8D-F53F43F06DE9}.Release|x86.Build.0 = Release|Win32
	EndGlobalSection
	GlobalSection(SolutionProperties) = preSolution
		HideSolutionNode = FALSE
	EndGlobalSection
	GlobalSection(ExtensibilityGlobals) = postSolution
		SolutionGuid = {5815B202-6C5E-4E43-AF46-733C57414941}
	EndGlobalSection
EndGlobal
